// !$*UTF8*$!
{
	archiveVersion = 1;
	classes = {
	};
	objectVersion = 48;
	objects = {

/* Begin PBXBuildFile section */
		811D4B841FFF15BF004EC189 /* VideoCast.framework in Frameworks */ = {isa = PBXBuildFile; fileRef = 811D4B781FFF153C004EC189 /* VideoCast.framework */; };
		811D4B851FFF15BF004EC189 /* VideoCast.framework in Embed Frameworks */ = {isa = PBXBuildFile; fileRef = 811D4B781FFF153C004EC189 /* VideoCast.framework */; settings = {ATTRIBUTES = (CodeSignOnCopy, RemoveHeadersOnCopy, ); }; };
		811D4B921FFF197D004EC189 /* LaunchScreen.storyboard in Resources */ = {isa = PBXBuildFile; fileRef = 811D4B8E1FFF197D004EC189 /* LaunchScreen.storyboard */; };
		811D4B931FFF197D004EC189 /* Main.storyboard in Resources */ = {isa = PBXBuildFile; fileRef = 811D4B901FFF197D004EC189 /* Main.storyboard */; };
		812ACEA92140C5050052CC7C /* OptionsViewController.swift in Sources */ = {isa = PBXBuildFile; fileRef = 812ACEA82140C5050052CC7C /* OptionsViewController.swift */; };
		812ACEAE2140C6620052CC7C /* BroadcastsViewController.swift in Sources */ = {isa = PBXBuildFile; fileRef = 812ACEAD2140C6620052CC7C /* BroadcastsViewController.swift */; };
		812ACEB0214166AA0052CC7C /* OptionsModel.swift in Sources */ = {isa = PBXBuildFile; fileRef = 812ACEAF214166AA0052CC7C /* OptionsModel.swift */; };
		8151F3A41FFF12F300615BF4 /* AppDelegate.swift in Sources */ = {isa = PBXBuildFile; fileRef = 8151F3A31FFF12F300615BF4 /* AppDelegate.swift */; };
		8151F3A61FFF12F300615BF4 /* ViewController.swift in Sources */ = {isa = PBXBuildFile; fileRef = 8151F3A51FFF12F300615BF4 /* ViewController.swift */; };
		8151F3AB1FFF12F300615BF4 /* Assets.xcassets in Resources */ = {isa = PBXBuildFile; fileRef = 8151F3AA1FFF12F300615BF4 /* Assets.xcassets */; };
		815FAAC521568AB80013661B /* ServersModel.swift in Sources */ = {isa = PBXBuildFile; fileRef = 81651B042143B0B00069F6FF /* ServersModel.swift */; };
		815FAAC621568ABD0013661B /* OptionsModel.swift in Sources */ = {isa = PBXBuildFile; fileRef = 812ACEAF214166AA0052CC7C /* OptionsModel.swift */; };
		815FAACA21568FFF0013661B /* Constants.swift in Sources */ = {isa = PBXBuildFile; fileRef = 815FAAC921568FFF0013661B /* Constants.swift */; };
		815FAACB21568FFF0013661B /* Constants.swift in Sources */ = {isa = PBXBuildFile; fileRef = 815FAAC921568FFF0013661B /* Constants.swift */; };
		81651AFC21438D720069F6FF /* SelectViewController.swift in Sources */ = {isa = PBXBuildFile; fileRef = 81651AFB21438D720069F6FF /* SelectViewController.swift */; };
		81651B0121439FE60069F6FF /* ServerViewController.swift in Sources */ = {isa = PBXBuildFile; fileRef = 81651B0021439FE60069F6FF /* ServerViewController.swift */; };
		81651B032143AA020069F6FF /* TextFiieldCell.swift in Sources */ = {isa = PBXBuildFile; fileRef = 81651B022143AA020069F6FF /* TextFiieldCell.swift */; };
		81651B052143B0B00069F6FF /* ServersModel.swift in Sources */ = {isa = PBXBuildFile; fileRef = 81651B042143B0B00069F6FF /* ServersModel.swift */; };
		819937142144B44D007D683F /* OptionsUtil.swift in Sources */ = {isa = PBXBuildFile; fileRef = 819937132144B44D007D683F /* OptionsUtil.swift */; };
		81E65AB72156945D00979A0A /* VideoCast.framework in Frameworks */ = {isa = PBXBuildFile; fileRef = 811D4B781FFF153C004EC189 /* VideoCast.framework */; };
		81FA47EB2154E4BA002A2B1A /* ReplayKit.framework in Frameworks */ = {isa = PBXBuildFile; fileRef = 81FA47EA2154E4BA002A2B1A /* ReplayKit.framework */; };
		81FA47EE2154E4BA002A2B1A /* SampleHandler.swift in Sources */ = {isa = PBXBuildFile; fileRef = 81FA47ED2154E4BA002A2B1A /* SampleHandler.swift */; };
		81FA48012154E4BA002A2B1A /* Screencast.appex in Embed App Extensions */ = {isa = PBXBuildFile; fileRef = 81FA47E82154E4BA002A2B1A /* Screencast.appex */; settings = {ATTRIBUTES = (RemoveHeadersOnCopy, ); }; };
		8C58019B225F3C490074FF8A /* sample.metal in Sources */ = {isa = PBXBuildFile; fileRef = 8C58019A225F3C490074FF8A /* sample.metal */; };
		8C5F47AD2269A83C005B1180 /* functions.metal in Sources */ = {isa = PBXBuildFile; fileRef = 8C5F47A92269A83C005B1180 /* functions.metal */; };
/* End PBXBuildFile section */

/* Begin PBXContainerItemProxy section */
		811D4B771FFF153C004EC189 /* PBXContainerItemProxy */ = {
			isa = PBXContainerItemProxy;
			containerPortal = 811D4B701FFF153C004EC189 /* VideoCast.xcodeproj */;
			proxyType = 2;
			remoteGlobalIDString = 811BF9971FFE2F7D00E90EEF;
			remoteInfo = "VideoCast iOS";
		};
		811D4B791FFF153C004EC189 /* PBXContainerItemProxy */ = {
			isa = PBXContainerItemProxy;
			containerPortal = 811D4B701FFF153C004EC189 /* VideoCast.xcodeproj */;
			proxyType = 2;
			remoteGlobalIDString = 811BF99F1FFE2F7D00E90EEF;
			remoteInfo = "VideoCast iOS Tests";
		};
		811D4B7B1FFF153C004EC189 /* PBXContainerItemProxy */ = {
			isa = PBXContainerItemProxy;
			containerPortal = 811D4B701FFF153C004EC189 /* VideoCast.xcodeproj */;
			proxyType = 2;
			remoteGlobalIDString = 818C0B121FFE1DDB008CF132;
			remoteInfo = "VideoCast macOS";
		};
		811D4B7D1FFF153C004EC189 /* PBXContainerItemProxy */ = {
			isa = PBXContainerItemProxy;
			containerPortal = 811D4B701FFF153C004EC189 /* VideoCast.xcodeproj */;
			proxyType = 2;
			remoteGlobalIDString = 818C0B0A1FFE1CC4008CF132;
			remoteInfo = "VideoCast macOS Tests";
		};
		811D4B861FFF15BF004EC189 /* PBXContainerItemProxy */ = {
			isa = PBXContainerItemProxy;
			containerPortal = 811D4B701FFF153C004EC189 /* VideoCast.xcodeproj */;
			proxyType = 1;
			remoteGlobalIDString = 811BF9961FFE2F7D00E90EEF;
			remoteInfo = "VideoCast iOS";
		};
		81FA47FF2154E4BA002A2B1A /* PBXContainerItemProxy */ = {
			isa = PBXContainerItemProxy;
			containerPortal = 8151F3981FFF12F300615BF4 /* Project object */;
			proxyType = 1;
			remoteGlobalIDString = 81FA47E72154E4BA002A2B1A;
			remoteInfo = "Video Cast";
		};
/* End PBXContainerItemProxy section */

/* Begin PBXCopyFilesBuildPhase section */
		811D4B881FFF15BF004EC189 /* Embed Frameworks */ = {
			isa = PBXCopyFilesBuildPhase;
			buildActionMask = 2147483647;
			dstPath = "";
			dstSubfolderSpec = 10;
			files = (
				811D4B851FFF15BF004EC189 /* VideoCast.framework in Embed Frameworks */,
			);
			name = "Embed Frameworks";
			runOnlyForDeploymentPostprocessing = 0;
		};
		81FA480B2154E4BA002A2B1A /* Embed App Extensions */ = {
			isa = PBXCopyFilesBuildPhase;
			buildActionMask = 2147483647;
			dstPath = "";
			dstSubfolderSpec = 13;
			files = (
				81FA48012154E4BA002A2B1A /* Screencast.appex in Embed App Extensions */,
			);
			name = "Embed App Extensions";
			runOnlyForDeploymentPostprocessing = 0;
		};
/* End PBXCopyFilesBuildPhase section */

/* Begin PBXFileReference section */
		811D4B701FFF153C004EC189 /* VideoCast.xcodeproj */ = {isa = PBXFileReference; lastKnownFileType = "wrapper.pb-project"; name = VideoCast.xcodeproj; path = ../../VideoCast.xcodeproj; sourceTree = "<group>"; };
		811D4B8F1FFF197D004EC189 /* Base */ = {isa = PBXFileReference; lastKnownFileType = file.storyboard; name = Base; path = LaunchScreen.storyboard; sourceTree = "<group>"; };
		811D4B911FFF197D004EC189 /* Base */ = {isa = PBXFileReference; lastKnownFileType = file.storyboard; name = Base; path = Main.storyboard; sourceTree = "<group>"; };
		812ACEA82140C5050052CC7C /* OptionsViewController.swift */ = {isa = PBXFileReference; lastKnownFileType = sourcecode.swift; path = OptionsViewController.swift; sourceTree = "<group>"; };
		812ACEAD2140C6620052CC7C /* BroadcastsViewController.swift */ = {isa = PBXFileReference; lastKnownFileType = sourcecode.swift; path = BroadcastsViewController.swift; sourceTree = "<group>"; };
		812ACEAF214166AA0052CC7C /* OptionsModel.swift */ = {isa = PBXFileReference; lastKnownFileType = sourcecode.swift; path = OptionsModel.swift; sourceTree = "<group>"; };
		8151F3A01FFF12F300615BF4 /* iOS Example.app */ = {isa = PBXFileReference; explicitFileType = wrapper.application; includeInIndex = 0; path = "iOS Example.app"; sourceTree = BUILT_PRODUCTS_DIR; };
		8151F3A31FFF12F300615BF4 /* AppDelegate.swift */ = {isa = PBXFileReference; lastKnownFileType = sourcecode.swift; path = AppDelegate.swift; sourceTree = "<group>"; };
		8151F3A51FFF12F300615BF4 /* ViewController.swift */ = {isa = PBXFileReference; lastKnownFileType = sourcecode.swift; path = ViewController.swift; sourceTree = "<group>"; };
		8151F3AA1FFF12F300615BF4 /* Assets.xcassets */ = {isa = PBXFileReference; lastKnownFileType = folder.assetcatalog; name = Assets.xcassets; path = ../Resources/Assets.xcassets; sourceTree = "<group>"; };
		8151F3AF1FFF12F300615BF4 /* Info.plist */ = {isa = PBXFileReference; lastKnownFileType = text.plist.xml; name = Info.plist; path = ../Resources/Info.plist; sourceTree = "<group>"; };
		815FAAC721568CD70013661B /* iOS Example.entitlements */ = {isa = PBXFileReference; lastKnownFileType = text.plist.entitlements; path = "iOS Example.entitlements"; sourceTree = "<group>"; };
		815FAAC821568DED0013661B /* Screencast.entitlements */ = {isa = PBXFileReference; lastKnownFileType = text.plist.entitlements; path = Screencast.entitlements; sourceTree = "<group>"; };
		815FAAC921568FFF0013661B /* Constants.swift */ = {isa = PBXFileReference; lastKnownFileType = sourcecode.swift; path = Constants.swift; sourceTree = "<group>"; };
		81651AFB21438D720069F6FF /* SelectViewController.swift */ = {isa = PBXFileReference; lastKnownFileType = sourcecode.swift; path = SelectViewController.swift; sourceTree = "<group>"; };
		81651B0021439FE60069F6FF /* ServerViewController.swift */ = {isa = PBXFileReference; lastKnownFileType = sourcecode.swift; path = ServerViewController.swift; sourceTree = "<group>"; };
		81651B022143AA020069F6FF /* TextFiieldCell.swift */ = {isa = PBXFileReference; lastKnownFileType = sourcecode.swift; path = TextFiieldCell.swift; sourceTree = "<group>"; };
		81651B042143B0B00069F6FF /* ServersModel.swift */ = {isa = PBXFileReference; lastKnownFileType = sourcecode.swift; path = ServersModel.swift; sourceTree = "<group>"; };
		819937132144B44D007D683F /* OptionsUtil.swift */ = {isa = PBXFileReference; lastKnownFileType = sourcecode.swift; path = OptionsUtil.swift; sourceTree = "<group>"; };
		81FA47E82154E4BA002A2B1A /* Screencast.appex */ = {isa = PBXFileReference; explicitFileType = "wrapper.app-extension"; includeInIndex = 0; path = Screencast.appex; sourceTree = BUILT_PRODUCTS_DIR; };
		81FA47EA2154E4BA002A2B1A /* ReplayKit.framework */ = {isa = PBXFileReference; lastKnownFileType = wrapper.framework; name = ReplayKit.framework; path = System/Library/Frameworks/ReplayKit.framework; sourceTree = SDKROOT; };
		81FA47ED2154E4BA002A2B1A /* SampleHandler.swift */ = {isa = PBXFileReference; lastKnownFileType = sourcecode.swift; path = SampleHandler.swift; sourceTree = "<group>"; };
		81FA47EF2154E4BA002A2B1A /* Info.plist */ = {isa = PBXFileReference; lastKnownFileType = text.plist.xml; path = Info.plist; sourceTree = "<group>"; };
		81FA47F62154E4BA002A2B1A /* UIKit.framework */ = {isa = PBXFileReference; lastKnownFileType = wrapper.framework; name = UIKit.framework; path = System/Library/Frameworks/UIKit.framework; sourceTree = SDKROOT; };
		8C58019A225F3C490074FF8A /* sample.metal */ = {isa = PBXFileReference; lastKnownFileType = sourcecode.metal; path = sample.metal; sourceTree = "<group>"; };
		8C5F47A92269A83C005B1180 /* functions.metal */ = {isa = PBXFileReference; fileEncoding = 4; lastKnownFileType = sourcecode.metal; path = functions.metal; sourceTree = "<group>"; };
		8C5F47AE2269A876005B1180 /* functions.h */ = {isa = PBXFileReference; lastKnownFileType = sourcecode.c.h; path = functions.h; sourceTree = "<group>"; };
/* End PBXFileReference section */

/* Begin PBXFrameworksBuildPhase section */
		8151F39D1FFF12F300615BF4 /* Frameworks */ = {
			isa = PBXFrameworksBuildPhase;
			buildActionMask = 2147483647;
			files = (
				811D4B841FFF15BF004EC189 /* VideoCast.framework in Frameworks */,
			);
			runOnlyForDeploymentPostprocessing = 0;
		};
		81FA47E52154E4BA002A2B1A /* Frameworks */ = {
			isa = PBXFrameworksBuildPhase;
			buildActionMask = 2147483647;
			files = (
				81E65AB72156945D00979A0A /* VideoCast.framework in Frameworks */,
				81FA47EB2154E4BA002A2B1A /* ReplayKit.framework in Frameworks */,
			);
			runOnlyForDeploymentPostprocessing = 0;
		};
/* End PBXFrameworksBuildPhase section */

/* Begin PBXGroup section */
		811D4B711FFF153C004EC189 /* Products */ = {
			isa = PBXGroup;
			children = (
				811D4B781FFF153C004EC189 /* VideoCast.framework */,
				811D4B7A1FFF153C004EC189 /* VideoCast iOS Tests.xctest */,
				811D4B7C1FFF153C004EC189 /* VideoCast.framework */,
				811D4B7E1FFF153C004EC189 /* VideoCast macOS Tests.xctest */,
			);
			name = Products;
			sourceTree = "<group>";
		};
		811D4B8D1FFF197D004EC189 /* Base.lproj */ = {
			isa = PBXGroup;
			children = (
				811D4B8E1FFF197D004EC189 /* LaunchScreen.storyboard */,
				811D4B901FFF197D004EC189 /* Main.storyboard */,
			);
			name = Base.lproj;
			path = Resources/Base.lproj;
			sourceTree = SOURCE_ROOT;
		};
		8151F3971FFF12F300615BF4 = {
			isa = PBXGroup;
			children = (
				815FAAC721568CD70013661B /* iOS Example.entitlements */,
				811D4B701FFF153C004EC189 /* VideoCast.xcodeproj */,
				81FA47EC2154E4BA002A2B1A /* Screencast */,
				81FA47E92154E4BA002A2B1A /* Frameworks */,
				8151F3A11FFF12F300615BF4 /* Products */,
				8151F3A21FFF12F300615BF4 /* Source */,
			);
			sourceTree = "<group>";
		};
		8151F3A11FFF12F300615BF4 /* Products */ = {
			isa = PBXGroup;
			children = (
				8151F3A01FFF12F300615BF4 /* iOS Example.app */,
				81FA47E82154E4BA002A2B1A /* Screencast.appex */,
			);
			name = Products;
			sourceTree = "<group>";
		};
		8151F3A21FFF12F300615BF4 /* Source */ = {
			isa = PBXGroup;
			children = (
				8151F3A31FFF12F300615BF4 /* AppDelegate.swift */,
				812ACEAD2140C6620052CC7C /* BroadcastsViewController.swift */,
				815FAAC921568FFF0013661B /* Constants.swift */,
				812ACEAF214166AA0052CC7C /* OptionsModel.swift */,
				819937132144B44D007D683F /* OptionsUtil.swift */,
				812ACEA82140C5050052CC7C /* OptionsViewController.swift */,
				81651AFB21438D720069F6FF /* SelectViewController.swift */,
				81651B042143B0B00069F6FF /* ServersModel.swift */,
				81651B0021439FE60069F6FF /* ServerViewController.swift */,
				81651B022143AA020069F6FF /* TextFiieldCell.swift */,
				8151F3A51FFF12F300615BF4 /* ViewController.swift */,
				8C58019A225F3C490074FF8A /* sample.metal */,
				8C5F47A92269A83C005B1180 /* functions.metal */,
				8C5F47AE2269A876005B1180 /* functions.h */,
				81CF2B761FFF136000A9E887 /* Supporting Files */,
			);
			path = Source;
			sourceTree = "<group>";
		};
		81CF2B761FFF136000A9E887 /* Supporting Files */ = {
			isa = PBXGroup;
			children = (
				8151F3AF1FFF12F300615BF4 /* Info.plist */,
				8151F3AA1FFF12F300615BF4 /* Assets.xcassets */,
				811D4B8D1FFF197D004EC189 /* Base.lproj */,
			);
			name = "Supporting Files";
			sourceTree = "<group>";
		};
		81FA47E92154E4BA002A2B1A /* Frameworks */ = {
			isa = PBXGroup;
			children = (
				81FA47EA2154E4BA002A2B1A /* ReplayKit.framework */,
				81FA47F62154E4BA002A2B1A /* UIKit.framework */,
			);
			name = Frameworks;
			sourceTree = "<group>";
		};
		81FA47EC2154E4BA002A2B1A /* Screencast */ = {
			isa = PBXGroup;
			children = (
				815FAAC821568DED0013661B /* Screencast.entitlements */,
				81FA47ED2154E4BA002A2B1A /* SampleHandler.swift */,
				81FA47EF2154E4BA002A2B1A /* Info.plist */,
			);
			path = Screencast;
			sourceTree = "<group>";
		};
/* End PBXGroup section */

/* Begin PBXNativeTarget section */
		8151F39F1FFF12F300615BF4 /* iOS Example */ = {
			isa = PBXNativeTarget;
			buildConfigurationList = 8151F3B21FFF12F300615BF4 /* Build configuration list for PBXNativeTarget "iOS Example" */;
			buildPhases = (
				8151F39C1FFF12F300615BF4 /* Sources */,
				81F4578A214555DA000D442A /* ShellScript */,
				8151F39D1FFF12F300615BF4 /* Frameworks */,
				8151F39E1FFF12F300615BF4 /* Resources */,
				811D4B881FFF15BF004EC189 /* Embed Frameworks */,
				81FA480B2154E4BA002A2B1A /* Embed App Extensions */,
			);
			buildRules = (
			);
			dependencies = (
				811D4B871FFF15BF004EC189 /* PBXTargetDependency */,
				81FA48002154E4BA002A2B1A /* PBXTargetDependency */,
			);
			name = "iOS Example";
			productName = "iOS Example";
			productReference = 8151F3A01FFF12F300615BF4 /* iOS Example.app */;
			productType = "com.apple.product-type.application";
		};
		81FA47E72154E4BA002A2B1A /* Screencast */ = {
			isa = PBXNativeTarget;
			buildConfigurationList = 81FA480A2154E4BA002A2B1A /* Build configuration list for PBXNativeTarget "Screencast" */;
			buildPhases = (
				81FA47E42154E4BA002A2B1A /* Sources */,
				81FA47E52154E4BA002A2B1A /* Frameworks */,
				81FA47E62154E4BA002A2B1A /* Resources */,
			);
			buildRules = (
			);
			dependencies = (
			);
			name = Screencast;
			productName = "Video Cast";
			productReference = 81FA47E82154E4BA002A2B1A /* Screencast.appex */;
			productType = "com.apple.product-type.app-extension";
		};
/* End PBXNativeTarget section */

/* Begin PBXProject section */
		8151F3981FFF12F300615BF4 /* Project object */ = {
			isa = PBXProject;
			attributes = {
				LastSwiftUpdateCheck = 1000;
				LastUpgradeCheck = 0920;
				ORGANIZATIONNAME = "CyberAgent, Inc.";
				TargetAttributes = {
					8151F39F1FFF12F300615BF4 = {
						CreatedOnToolsVersion = 9.2;
						ProvisioningStyle = Automatic;
						SystemCapabilities = {
							com.apple.ApplicationGroups.iOS = {
								enabled = 1;
							};
						};
					};
					81FA47E72154E4BA002A2B1A = {
						CreatedOnToolsVersion = 10.0;
						ProvisioningStyle = Automatic;
						SystemCapabilities = {
							com.apple.ApplicationGroups.iOS = {
								enabled = 1;
							};
						};
					};
				};
			};
			buildConfigurationList = 8151F39B1FFF12F300615BF4 /* Build configuration list for PBXProject "iOS Example" */;
			compatibilityVersion = "Xcode 8.0";
			developmentRegion = en;
			hasScannedForEncodings = 0;
			knownRegions = (
				en,
				Base,
			);
			mainGroup = 8151F3971FFF12F300615BF4;
			productRefGroup = 8151F3A11FFF12F300615BF4 /* Products */;
			projectDirPath = "";
			projectReferences = (
				{
					ProductGroup = 811D4B711FFF153C004EC189 /* Products */;
					ProjectRef = 811D4B701FFF153C004EC189 /* VideoCast.xcodeproj */;
				},
			);
			projectRoot = "";
			targets = (
				8151F39F1FFF12F300615BF4 /* iOS Example */,
				81FA47E72154E4BA002A2B1A /* Screencast */,
			);
		};
/* End PBXProject section */

/* Begin PBXReferenceProxy section */
		811D4B781FFF153C004EC189 /* VideoCast.framework */ = {
			isa = PBXReferenceProxy;
			fileType = wrapper.framework;
			path = VideoCast.framework;
			remoteRef = 811D4B771FFF153C004EC189 /* PBXContainerItemProxy */;
			sourceTree = BUILT_PRODUCTS_DIR;
		};
		811D4B7A1FFF153C004EC189 /* VideoCast iOS Tests.xctest */ = {
			isa = PBXReferenceProxy;
			fileType = wrapper.cfbundle;
			path = "VideoCast iOS Tests.xctest";
			remoteRef = 811D4B791FFF153C004EC189 /* PBXContainerItemProxy */;
			sourceTree = BUILT_PRODUCTS_DIR;
		};
		811D4B7C1FFF153C004EC189 /* VideoCast.framework */ = {
			isa = PBXReferenceProxy;
			fileType = wrapper.framework;
			path = VideoCast.framework;
			remoteRef = 811D4B7B1FFF153C004EC189 /* PBXContainerItemProxy */;
			sourceTree = BUILT_PRODUCTS_DIR;
		};
		811D4B7E1FFF153C004EC189 /* VideoCast macOS Tests.xctest */ = {
			isa = PBXReferenceProxy;
			fileType = wrapper.cfbundle;
			path = "VideoCast macOS Tests.xctest";
			remoteRef = 811D4B7D1FFF153C004EC189 /* PBXContainerItemProxy */;
			sourceTree = BUILT_PRODUCTS_DIR;
		};
/* End PBXReferenceProxy section */

/* Begin PBXResourcesBuildPhase section */
		8151F39E1FFF12F300615BF4 /* Resources */ = {
			isa = PBXResourcesBuildPhase;
			buildActionMask = 2147483647;
			files = (
				811D4B931FFF197D004EC189 /* Main.storyboard in Resources */,
				811D4B921FFF197D004EC189 /* LaunchScreen.storyboard in Resources */,
				8151F3AB1FFF12F300615BF4 /* Assets.xcassets in Resources */,
			);
			runOnlyForDeploymentPostprocessing = 0;
		};
		81FA47E62154E4BA002A2B1A /* Resources */ = {
			isa = PBXResourcesBuildPhase;
			buildActionMask = 2147483647;
			files = (
			);
			runOnlyForDeploymentPostprocessing = 0;
		};
/* End PBXResourcesBuildPhase section */

/* Begin PBXShellScriptBuildPhase section */
		81F4578A214555DA000D442A /* ShellScript */ = {
			isa = PBXShellScriptBuildPhase;
			buildActionMask = 2147483647;
			files = (
			);
			inputPaths = (
			);
			outputPaths = (
			);
			runOnlyForDeploymentPostprocessing = 0;
			shellPath = /bin/sh;
			shellScript = "if which swiftlint >/dev/null; then\nswiftlint\nelse\necho \"warning: SwiftLint not installed, download from https://github.com/realm/SwiftLint\"\nfi";
		};
/* End PBXShellScriptBuildPhase section */

/* Begin PBXSourcesBuildPhase section */
		8151F39C1FFF12F300615BF4 /* Sources */ = {
			isa = PBXSourcesBuildPhase;
			buildActionMask = 2147483647;
			files = (
				819937142144B44D007D683F /* OptionsUtil.swift in Sources */,
				815FAACA21568FFF0013661B /* Constants.swift in Sources */,
				812ACEB0214166AA0052CC7C /* OptionsModel.swift in Sources */,
				81651B052143B0B00069F6FF /* ServersModel.swift in Sources */,
				812ACEA92140C5050052CC7C /* OptionsViewController.swift in Sources */,
				8151F3A61FFF12F300615BF4 /* ViewController.swift in Sources */,
				812ACEAE2140C6620052CC7C /* BroadcastsViewController.swift in Sources */,
				81651B0121439FE60069F6FF /* ServerViewController.swift in Sources */,
				81651B032143AA020069F6FF /* TextFiieldCell.swift in Sources */,
				8C5F47AD2269A83C005B1180 /* functions.metal in Sources */,
				81651AFC21438D720069F6FF /* SelectViewController.swift in Sources */,
				8151F3A41FFF12F300615BF4 /* AppDelegate.swift in Sources */,
				8C58019B225F3C490074FF8A /* sample.metal in Sources */,
			);
			runOnlyForDeploymentPostprocessing = 0;
		};
		81FA47E42154E4BA002A2B1A /* Sources */ = {
			isa = PBXSourcesBuildPhase;
			buildActionMask = 2147483647;
			files = (
				815FAAC521568AB80013661B /* ServersModel.swift in Sources */,
				81FA47EE2154E4BA002A2B1A /* SampleHandler.swift in Sources */,
				815FAAC621568ABD0013661B /* OptionsModel.swift in Sources */,
				815FAACB21568FFF0013661B /* Constants.swift in Sources */,
			);
			runOnlyForDeploymentPostprocessing = 0;
		};
/* End PBXSourcesBuildPhase section */

/* Begin PBXTargetDependency section */
		811D4B871FFF15BF004EC189 /* PBXTargetDependency */ = {
			isa = PBXTargetDependency;
			name = "VideoCast iOS";
			targetProxy = 811D4B861FFF15BF004EC189 /* PBXContainerItemProxy */;
		};
		81FA48002154E4BA002A2B1A /* PBXTargetDependency */ = {
			isa = PBXTargetDependency;
			target = 81FA47E72154E4BA002A2B1A /* Screencast */;
			targetProxy = 81FA47FF2154E4BA002A2B1A /* PBXContainerItemProxy */;
		};
/* End PBXTargetDependency section */

/* Begin PBXVariantGroup section */
		811D4B8E1FFF197D004EC189 /* LaunchScreen.storyboard */ = {
			isa = PBXVariantGroup;
			children = (
				811D4B8F1FFF197D004EC189 /* Base */,
			);
			name = LaunchScreen.storyboard;
			sourceTree = "<group>";
		};
		811D4B901FFF197D004EC189 /* Main.storyboard */ = {
			isa = PBXVariantGroup;
			children = (
				811D4B911FFF197D004EC189 /* Base */,
			);
			name = Main.storyboard;
			sourceTree = "<group>";
		};
/* End PBXVariantGroup section */

/* Begin XCBuildConfiguration section */
		8151F3B01FFF12F300615BF4 /* Debug */ = {
			isa = XCBuildConfiguration;
			buildSettings = {
				ALWAYS_SEARCH_USER_PATHS = NO;
				CLANG_ANALYZER_NONNULL = YES;
				CLANG_ANALYZER_NUMBER_OBJECT_CONVERSION = YES_AGGRESSIVE;
				CLANG_CXX_LANGUAGE_STANDARD = "gnu++14";
				CLANG_CXX_LIBRARY = "libc++";
				CLANG_ENABLE_MODULES = YES;
				CLANG_ENABLE_OBJC_ARC = YES;
				CLANG_WARN_BLOCK_CAPTURE_AUTORELEASING = YES;
				CLANG_WARN_BOOL_CONVERSION = YES;
				CLANG_WARN_COMMA = YES;
				CLANG_WARN_CONSTANT_CONVERSION = YES;
				CLANG_WARN_DIRECT_OBJC_ISA_USAGE = YES_ERROR;
				CLANG_WARN_DOCUMENTATION_COMMENTS = YES;
				CLANG_WARN_EMPTY_BODY = YES;
				CLANG_WARN_ENUM_CONVERSION = YES;
				CLANG_WARN_INFINITE_RECURSION = YES;
				CLANG_WARN_INT_CONVERSION = YES;
				CLANG_WARN_NON_LITERAL_NULL_CONVERSION = YES;
				CLANG_WARN_OBJC_LITERAL_CONVERSION = YES;
				CLANG_WARN_OBJC_ROOT_CLASS = YES_ERROR;
				CLANG_WARN_RANGE_LOOP_ANALYSIS = YES;
				CLANG_WARN_STRICT_PROTOTYPES = YES;
				CLANG_WARN_SUSPICIOUS_MOVE = YES;
				CLANG_WARN_UNGUARDED_AVAILABILITY = YES_AGGRESSIVE;
				CLANG_WARN_UNREACHABLE_CODE = YES;
				CLANG_WARN__DUPLICATE_METHOD_MATCH = YES;
				CODE_SIGN_IDENTITY = "iPhone Developer";
				COPY_PHASE_STRIP = NO;
				DEBUG_INFORMATION_FORMAT = dwarf;
				ENABLE_STRICT_OBJC_MSGSEND = YES;
				ENABLE_TESTABILITY = YES;
				GCC_C_LANGUAGE_STANDARD = gnu11;
				GCC_DYNAMIC_NO_PIC = NO;
				GCC_NO_COMMON_BLOCKS = YES;
				GCC_OPTIMIZATION_LEVEL = 0;
				GCC_PREPROCESSOR_DEFINITIONS = (
					"DEBUG=1",
					"$(inherited)",
				);
				GCC_WARN_64_TO_32_BIT_CONVERSION = YES;
				GCC_WARN_ABOUT_RETURN_TYPE = YES_ERROR;
				GCC_WARN_UNDECLARED_SELECTOR = YES;
				GCC_WARN_UNINITIALIZED_AUTOS = YES_AGGRESSIVE;
				GCC_WARN_UNUSED_FUNCTION = YES;
				GCC_WARN_UNUSED_VARIABLE = YES;
				IPHONEOS_DEPLOYMENT_TARGET = 8.0;
				MTL_ENABLE_DEBUG_INFO = YES;
				ONLY_ACTIVE_ARCH = YES;
				SDKROOT = iphoneos;
				SWIFT_ACTIVE_COMPILATION_CONDITIONS = DEBUG;
				SWIFT_OPTIMIZATION_LEVEL = "-Onone";
			};
			name = Debug;
		};
		8151F3B11FFF12F300615BF4 /* Release */ = {
			isa = XCBuildConfiguration;
			buildSettings = {
				ALWAYS_SEARCH_USER_PATHS = NO;
				CLANG_ANALYZER_NONNULL = YES;
				CLANG_ANALYZER_NUMBER_OBJECT_CONVERSION = YES_AGGRESSIVE;
				CLANG_CXX_LANGUAGE_STANDARD = "gnu++14";
				CLANG_CXX_LIBRARY = "libc++";
				CLANG_ENABLE_MODULES = YES;
				CLANG_ENABLE_OBJC_ARC = YES;
				CLANG_WARN_BLOCK_CAPTURE_AUTORELEASING = YES;
				CLANG_WARN_BOOL_CONVERSION = YES;
				CLANG_WARN_COMMA = YES;
				CLANG_WARN_CONSTANT_CONVERSION = YES;
				CLANG_WARN_DIRECT_OBJC_ISA_USAGE = YES_ERROR;
				CLANG_WARN_DOCUMENTATION_COMMENTS = YES;
				CLANG_WARN_EMPTY_BODY = YES;
				CLANG_WARN_ENUM_CONVERSION = YES;
				CLANG_WARN_INFINITE_RECURSION = YES;
				CLANG_WARN_INT_CONVERSION = YES;
				CLANG_WARN_NON_LITERAL_NULL_CONVERSION = YES;
				CLANG_WARN_OBJC_LITERAL_CONVERSION = YES;
				CLANG_WARN_OBJC_ROOT_CLASS = YES_ERROR;
				CLANG_WARN_RANGE_LOOP_ANALYSIS = YES;
				CLANG_WARN_STRICT_PROTOTYPES = YES;
				CLANG_WARN_SUSPICIOUS_MOVE = YES;
				CLANG_WARN_UNGUARDED_AVAILABILITY = YES_AGGRESSIVE;
				CLANG_WARN_UNREACHABLE_CODE = YES;
				CLANG_WARN__DUPLICATE_METHOD_MATCH = YES;
				CODE_SIGN_IDENTITY = "iPhone Developer";
				COPY_PHASE_STRIP = NO;
				DEBUG_INFORMATION_FORMAT = "dwarf-with-dsym";
				ENABLE_NS_ASSERTIONS = NO;
				ENABLE_STRICT_OBJC_MSGSEND = YES;
				GCC_C_LANGUAGE_STANDARD = gnu11;
				GCC_NO_COMMON_BLOCKS = YES;
				GCC_WARN_64_TO_32_BIT_CONVERSION = YES;
				GCC_WARN_ABOUT_RETURN_TYPE = YES_ERROR;
				GCC_WARN_UNDECLARED_SELECTOR = YES;
				GCC_WARN_UNINITIALIZED_AUTOS = YES_AGGRESSIVE;
				GCC_WARN_UNUSED_FUNCTION = YES;
				GCC_WARN_UNUSED_VARIABLE = YES;
				IPHONEOS_DEPLOYMENT_TARGET = 8.0;
				MTL_ENABLE_DEBUG_INFO = NO;
				SDKROOT = iphoneos;
				SWIFT_OPTIMIZATION_LEVEL = "-Owholemodule";
				VALIDATE_PRODUCT = YES;
			};
			name = Release;
		};
		8151F3B31FFF12F300615BF4 /* Debug */ = {
			isa = XCBuildConfiguration;
			buildSettings = {
				ALWAYS_EMBED_SWIFT_STANDARD_LIBRARIES = YES;
				ASSETCATALOG_COMPILER_APPICON_NAME = AppIcon;
				CODE_SIGN_ENTITLEMENTS = "iOS Example.entitlements";
				CODE_SIGN_IDENTITY = "iPhone Developer";
				CODE_SIGN_STYLE = Automatic;
				DEVELOPMENT_TEAM = 2YBG8BB5C7;
				INFOPLIST_FILE = Resources/Info.plist;
				LD_RUNPATH_SEARCH_PATHS = "$(inherited) @executable_path/Frameworks";
				MTL_ENABLE_DEBUG_INFO = INCLUDE_SOURCE;
				PRODUCT_BUNDLE_IDENTIFIER = "io.github.openfresh.videocast.ios-example";
				PRODUCT_NAME = "$(TARGET_NAME)";
				PROVISIONING_PROFILE_SPECIFIER = "";
				SWIFT_VERSION = 4.0;
				TARGETED_DEVICE_FAMILY = "1,2";
			};
			name = Debug;
		};
		8151F3B41FFF12F300615BF4 /* Release */ = {
			isa = XCBuildConfiguration;
			buildSettings = {
				ALWAYS_EMBED_SWIFT_STANDARD_LIBRARIES = YES;
				ASSETCATALOG_COMPILER_APPICON_NAME = AppIcon;
				CODE_SIGN_ENTITLEMENTS = "iOS Example.entitlements";
				CODE_SIGN_IDENTITY = "iPhone Developer";
				CODE_SIGN_STYLE = Automatic;
				DEVELOPMENT_TEAM = 2YBG8BB5C7;
				INFOPLIST_FILE = Resources/Info.plist;
				LD_RUNPATH_SEARCH_PATHS = "$(inherited) @executable_path/Frameworks";
				PRODUCT_BUNDLE_IDENTIFIER = "io.github.openfresh.videocast.ios-example";
				PRODUCT_NAME = "$(TARGET_NAME)";
				PROVISIONING_PROFILE_SPECIFIER = "";
				SWIFT_VERSION = 4.0;
				TARGETED_DEVICE_FAMILY = "1,2";
			};
			name = Release;
		};
		81FA48022154E4BA002A2B1A /* Debug */ = {
			isa = XCBuildConfiguration;
			buildSettings = {
				CLANG_ENABLE_OBJC_WEAK = YES;
				CLANG_WARN_DEPRECATED_OBJC_IMPLEMENTATIONS = YES;
				CLANG_WARN_OBJC_IMPLICIT_RETAIN_SELF = YES;
				CODE_SIGN_ENTITLEMENTS = Screencast/Screencast.entitlements;
				CODE_SIGN_STYLE = Automatic;
				DEVELOPMENT_TEAM = 2YBG8BB5C7;
				INFOPLIST_FILE = Screencast/Info.plist;
				IPHONEOS_DEPLOYMENT_TARGET = 11.0;
				LD_RUNPATH_SEARCH_PATHS = "$(inherited) @executable_path/Frameworks @executable_path/../../Frameworks";
				MTL_ENABLE_DEBUG_INFO = INCLUDE_SOURCE;
				MTL_FAST_MATH = YES;
				PRODUCT_BUNDLE_IDENTIFIER = "io.github.openfresh.videocast.ios-example.broadcast-upload-extension";
				PRODUCT_NAME = "$(TARGET_NAME)";
				SKIP_INSTALL = YES;
				SWIFT_VERSION = 4.2;
				TARGETED_DEVICE_FAMILY = "1,2";
			};
			name = Debug;
		};
		81FA48032154E4BA002A2B1A /* Release */ = {
			isa = XCBuildConfiguration;
			buildSettings = {
				CLANG_ENABLE_OBJC_WEAK = YES;
				CLANG_WARN_DEPRECATED_OBJC_IMPLEMENTATIONS = YES;
				CLANG_WARN_OBJC_IMPLICIT_RETAIN_SELF = YES;
				CODE_SIGN_ENTITLEMENTS = Screencast/Screencast.entitlements;
				CODE_SIGN_STYLE = Automatic;
				DEVELOPMENT_TEAM = 2YBG8BB5C7;
				INFOPLIST_FILE = Screencast/Info.plist;
				IPHONEOS_DEPLOYMENT_TARGET = 11.0;
				LD_RUNPATH_SEARCH_PATHS = "$(inherited) @executable_path/Frameworks @executable_path/../../Frameworks";
				MTL_FAST_MATH = YES;
				PRODUCT_BUNDLE_IDENTIFIER = "io.github.openfresh.videocast.ios-example.broadcast-upload-extension";
				PRODUCT_NAME = "$(TARGET_NAME)";
				SKIP_INSTALL = YES;
				SWIFT_VERSION = 4.2;
				TARGETED_DEVICE_FAMILY = "1,2";
			};
			name = Release;
		};
/* End XCBuildConfiguration section */

/* Begin XCConfigurationList section */
		8151F39B1FFF12F300615BF4 /* Build configuration list for PBXProject "iOS Example" */ = {
			isa = XCConfigurationList;
			buildConfigurations = (
				8151F3B01FFF12F300615BF4 /* Debug */,
				8151F3B11FFF12F300615BF4 /* Release */,
			);
			defaultConfigurationIsVisible = 0;
			defaultConfigurationName = Release;
		};
		8151F3B21FFF12F300615BF4 /* Build configuration list for PBXNativeTarget "iOS Example" */ = {
			isa = XCConfigurationList;
			buildConfigurations = (
				8151F3B31FFF12F300615BF4 /* Debug */,
				8151F3B41FFF12F300615BF4 /* Release */,
			);
			defaultConfigurationIsVisible = 0;
			defaultConfigurationName = Release;
		};
		81FA480A2154E4BA002A2B1A /* Build configuration list for PBXNativeTarget "Screencast" */ = {
			isa = XCConfigurationList;
			buildConfigurations = (
				81FA48022154E4BA002A2B1A /* Debug */,
				81FA48032154E4BA002A2B1A /* Release */,
			);
			defaultConfigurationIsVisible = 0;
			defaultConfigurationName = Release;
		};
/* End XCConfigurationList section */
	};
	rootObject = 8151F3981FFF12F300615BF4 /* Project object */;
}
